
Microsoft Visual Studio Solution File, Format Version 12.00
# Visual Studio Version 16
VisualStudioVersion = 16.0.29806.167
MinimumVisualStudioVersion = 10.0.40219.1
Project("{9092AA53-FB77-4645-B42D-1CCCA6BD08BD}") = "web", "web\web.njsproj", "{B5397962-44EA-4536-B299-536203D4E7AD}"
EndProject
Project("{2150E333-8FDC-42A3-9474-1A3956D46DE8}") = "backend", "backend", "{B64216AD-C305-46A0-A144-483C342BA95B}"
EndProject
Project("{2150E333-8FDC-42A3-9474-1A3956D46DE8}") = "src", "src", "{C77CE86F-7122-46E9-8D81-778DE14EE502}"
EndProject
Project("{9A19103F-16F7-4668-BE54-9A1E7A4F7556}") = "Outlook.Server", "backend\src\Outlook.Server\Outlook.Server.csproj", "{A6AEF33F-3BDF-418B-85F2-77296553F031}"
EndProject
Project("{9A19103F-16F7-4668-BE54-9A1E7A4F7556}") = "Outlook.Logger", "backend\src\Outlook.Logger\Outlook.Logger.csproj", "{634F7337-2D77-410A-9FC6-6A3AFDC2B57B}"
EndProject
Project("{9A19103F-16F7-4668-BE54-9A1E7A4F7556}") = "Outlook.Models", "backend\src\Outlook.Models\Outlook.Models.csproj", "{5EA75F98-BD72-4808-9226-566FE42DB17E}"
EndProject
Project("{9A19103F-16F7-4668-BE54-9A1E7A4F7556}") = "Outlook.Services", "backend\src\Outlook.Services\Outlook.Services.csproj", "{CBC8D618-74F4-4E32-8AAE-C6B544ACE3EC}"
EndProject
Project("{9A19103F-16F7-4668-BE54-9A1E7A4F7556}") = "Outlook.Api", "backend\src\Outlook.Api\Outlook.Api.csproj", "{A03F4F11-6801-4F2F-84D8-31DE2907803A}"
EndProject
Global
	GlobalSection(SolutionConfigurationPlatforms) = preSolution
		Debug|Any CPU = Debug|Any CPU
		Release|Any CPU = Release|Any CPU
	EndGlobalSection
	GlobalSection(ProjectConfigurationPlatforms) = postSolution
		{B5397962-44EA-4536-B299-536203D4E7AD}.Debug|Any CPU.ActiveCfg = Debug|Any CPU
		{B5397962-44EA-4536-B299-536203D4E7AD}.Release|Any CPU.ActiveCfg = Release|Any CPU
		{B5397962-44EA-4536-B299-536203D4E7AD}.Release|Any CPU.Build.0 = Release|Any CPU
		{A6AEF33F-3BDF-418B-85F2-77296553F031}.Debug|Any CPU.ActiveCfg = Debug|Any CPU
		{A6AEF33F-3BDF-418B-85F2-77296553F031}.Debug|Any CPU.Build.0 = Debug|Any CPU
		{A6AEF33F-3BDF-418B-85F2-77296553F031}.Release|Any CPU.ActiveCfg = Release|Any CPU
		{A6AEF33F-3BDF-418B-85F2-77296553F031}.Release|Any CPU.Build.0 = Release|Any CPU
		{634F7337-2D77-410A-9FC6-6A3AFDC2B57B}.Debug|Any CPU.ActiveCfg = Debug|Any CPU
		{634F7337-2D77-410A-9FC6-6A3AFDC2B57B}.Debug|Any CPU.Build.0 = Debug|Any CPU
		{634F7337-2D77-410A-9FC6-6A3AFDC2B57B}.Release|Any CPU.ActiveCfg = Release|Any CPU
		{634F7337-2D77-410A-9FC6-6A3AFDC2B57B}.Release|Any CPU.Build.0 = Release|Any CPU
		{5EA75F98-BD72-4808-9226-566FE42DB17E}.Debug|Any CPU.ActiveCfg = Debug|Any CPU
		{5EA75F98-BD72-4808-9226-566FE42DB17E}.Debug|Any CPU.Build.0 = Debug|Any CPU
		{5EA75F98-BD72-4808-9226-566FE42DB17E}.Release|Any CPU.ActiveCfg = Release|Any CPU
		{5EA75F98-BD72-4808-9226-566FE42DB17E}.Release|Any CPU.Build.0 = Release|Any CPU
		{CBC8D618-74F4-4E32-8AAE-C6B544ACE3EC}.Debug|Any CPU.ActiveCfg = Debug|Any CPU
		{CBC8D618-74F4-4E32-8AAE-C6B544ACE3EC}.Debug|Any CPU.Build.0 = Debug|Any CPU
		{CBC8D618-74F4-4E32-8AAE-C6B544ACE3EC}.Release|Any CPU.ActiveCfg = Release|Any CPU
		{CBC8D618-74F4-4E32-8AAE-C6B544ACE3EC}.Release|Any CPU.Build.0 = Release|Any CPU
		{A03F4F11-6801-4F2F-84D8-31DE2907803A}.Debug|Any CPU.ActiveCfg = Debug|Any CPU
		{A03F4F11-6801-4F2F-84D8-31DE2907803A}.Debug|Any CPU.Build.0 = Debug|Any CPU
		{A03F4F11-6801-4F2F-84D8-31DE2907803A}.Release|Any CPU.ActiveCfg = Release|Any CPU
		{A03F4F11-6801-4F2F-84D8-31DE2907803A}.Release|Any CPU.Build.0 = Release|Any CPU
	EndGlobalSection
	GlobalSection(SolutionProperties) = preSolution
		HideSolutionNode = FALSE
	EndGlobalSection
	GlobalSection(NestedProjects) = preSolution
		{C77CE86F-7122-46E9-8D81-778DE14EE502} = {B64216AD-C305-46A0-A144-483C342BA95B}
		{A6AEF33F-3BDF-418B-85F2-77296553F031} = {C77CE86F-7122-46E9-8D81-778DE14EE502}
		{634F7337-2D77-410A-9FC6-6A3AFDC2B57B} = {C77CE86F-7122-46E9-8D81-778DE14EE502}
		{5EA75F98-BD72-4808-9226-566FE42DB17E} = {C77CE86F-7122-46E9-8D81-778DE14EE502}
		{CBC8D618-74F4-4E32-8AAE-C6B544ACE3EC} = {C77CE86F-7122-46E9-8D81-778DE14EE502}
		{A03F4F11-6801-4F2F-84D8-31DE2907803A} = {C77CE86F-7122-46E9-8D81-778DE14EE502}
	EndGlobalSection
	GlobalSection(ExtensibilityGlobals) = postSolution
		SolutionGuid = {426DBF40-7FE9-4F07-98FB-9CA2DC0B2190}
	EndGlobalSection
EndGlobal
